// !$*UTF8*$!
{
	archiveVersion = 1;
	classes = {
	};
	objectVersion = 51;
	objects = {

/* Begin PBXBuildFile section */
		EF36D5BCAE9F643B0914B8BC /* Pods_PhotoBackup.framework in Frameworks */ = {isa = PBXBuildFile; fileRef = 01A96C316121C25E8BD93235 /* Pods_PhotoBackup.framework */; };
		FE2D6D7F270571DF0033C22D /* AppDelegate.swift in Sources */ = {isa = PBXBuildFile; fileRef = FE2D6D7E270571DF0033C22D /* AppDelegate.swift */; };
		FE2D6D81270571DF0033C22D /* SceneDelegate.swift in Sources */ = {isa = PBXBuildFile; fileRef = FE2D6D80270571DF0033C22D /* SceneDelegate.swift */; };
		FE2D6D86270571DF0033C22D /* Main.storyboard in Resources */ = {isa = PBXBuildFile; fileRef = FE2D6D84270571DF0033C22D /* Main.storyboard */; };
		FE2D6D88270571E00033C22D /* Assets.xcassets in Resources */ = {isa = PBXBuildFile; fileRef = FE2D6D87270571E00033C22D /* Assets.xcassets */; };
		FE2D6D8B270571E00033C22D /* LaunchScreen.storyboard in Resources */ = {isa = PBXBuildFile; fileRef = FE2D6D89270571E00033C22D /* LaunchScreen.storyboard */; };
		FE2D6D952705780C0033C22D /* LoginViewController.swift in Sources */ = {isa = PBXBuildFile; fileRef = FE2D6D942705780C0033C22D /* LoginViewController.swift */; };
		FE2D6D98270578370033C22D /* HomeViewController.swift in Sources */ = {isa = PBXBuildFile; fileRef = FE2D6D97270578370033C22D /* HomeViewController.swift */; };
		FE2D6D9B270578950033C22D /* ImageViewController.swift in Sources */ = {isa = PBXBuildFile; fileRef = FE2D6D9A270578950033C22D /* ImageViewController.swift */; };
		FE2D6D9F2705E55B0033C22D /* GoogleService-Info.plist in Resources */ = {isa = PBXBuildFile; fileRef = FE2D6D9E2705E55B0033C22D /* GoogleService-Info.plist */; };
		FE4EC8BD2705E8D100DD0AF7 /* TabBarController.swift in Sources */ = {isa = PBXBuildFile; fileRef = FE4EC8BC2705E8D100DD0AF7 /* TabBarController.swift */; };
		FE4EC8C02705F0E400DD0AF7 /* RegisterViewController.swift in Sources */ = {isa = PBXBuildFile; fileRef = FE4EC8BF2705F0E400DD0AF7 /* RegisterViewController.swift */; };
/* End PBXBuildFile section */

/* Begin PBXFileReference section */
		01A96C316121C25E8BD93235 /* Pods_PhotoBackup.framework */ = {isa = PBXFileReference; explicitFileType = wrapper.framework; includeInIndex = 0; path = Pods_PhotoBackup.framework; sourceTree = BUILT_PRODUCTS_DIR; };
		6F75E14DE4C6214E2A7DE4F4 /* Pods-PhotoBackup.release.xcconfig */ = {isa = PBXFileReference; includeInIndex = 1; lastKnownFileType = text.xcconfig; name = "Pods-PhotoBackup.release.xcconfig"; path = "Target Support Files/Pods-PhotoBackup/Pods-PhotoBackup.release.xcconfig"; sourceTree = "<group>"; };
		E2CECB88A30F04962AB84261 /* Pods-PhotoBackup.debug.xcconfig */ = {isa = PBXFileReference; includeInIndex = 1; lastKnownFileType = text.xcconfig; name = "Pods-PhotoBackup.debug.xcconfig"; path = "Target Support Files/Pods-PhotoBackup/Pods-PhotoBackup.debug.xcconfig"; sourceTree = "<group>"; };
		FE2D6D7B270571DF0033C22D /* PhotoBackup.app */ = {isa = PBXFileReference; explicitFileType = wrapper.application; includeInIndex = 0; path = PhotoBackup.app; sourceTree = BUILT_PRODUCTS_DIR; };
		FE2D6D7E270571DF0033C22D /* AppDelegate.swift */ = {isa = PBXFileReference; lastKnownFileType = sourcecode.swift; path = AppDelegate.swift; sourceTree = "<group>"; };
		FE2D6D80270571DF0033C22D /* SceneDelegate.swift */ = {isa = PBXFileReference; lastKnownFileType = sourcecode.swift; path = SceneDelegate.swift; sourceTree = "<group>"; };
		FE2D6D85270571DF0033C22D /* Base */ = {isa = PBXFileReference; lastKnownFileType = file.storyboard; name = Base; path = Base.lproj/Main.storyboard; sourceTree = "<group>"; };
		FE2D6D87270571E00033C22D /* Assets.xcassets */ = {isa = PBXFileReference; lastKnownFileType = folder.assetcatalog; path = Assets.xcassets; sourceTree = "<group>"; };
		FE2D6D8A270571E00033C22D /* Base */ = {isa = PBXFileReference; lastKnownFileType = file.storyboard; name = Base; path = Base.lproj/LaunchScreen.storyboard; sourceTree = "<group>"; };
		FE2D6D8C270571E00033C22D /* Info.plist */ = {isa = PBXFileReference; lastKnownFileType = text.plist.xml; path = Info.plist; sourceTree = "<group>"; };
		FE2D6D942705780C0033C22D /* LoginViewController.swift */ = {isa = PBXFileReference; lastKnownFileType = sourcecode.swift; path = LoginViewController.swift; sourceTree = "<group>"; };
		FE2D6D97270578370033C22D /* HomeViewController.swift */ = {isa = PBXFileReference; lastKnownFileType = sourcecode.swift; path = HomeViewController.swift; sourceTree = "<group>"; };
		FE2D6D9A270578950033C22D /* ImageViewController.swift */ = {isa = PBXFileReference; lastKnownFileType = sourcecode.swift; path = ImageViewController.swift; sourceTree = "<group>"; };
		FE2D6D9E2705E55B0033C22D /* GoogleService-Info.plist */ = {isa = PBXFileReference; fileEncoding = 4; lastKnownFileType = text.plist.xml; path = "GoogleService-Info.plist"; sourceTree = "<group>"; };
		FE4EC8BC2705E8D100DD0AF7 /* TabBarController.swift */ = {isa = PBXFileReference; lastKnownFileType = sourcecode.swift; path = TabBarController.swift; sourceTree = "<group>"; };
		FE4EC8BF2705F0E400DD0AF7 /* RegisterViewController.swift */ = {isa = PBXFileReference; lastKnownFileType = sourcecode.swift; path = RegisterViewController.swift; sourceTree = "<group>"; };
/* End PBXFileReference section */

/* Begin PBXFrameworksBuildPhase section */
		FE2D6D78270571DF0033C22D /* Frameworks */ = {
			isa = PBXFrameworksBuildPhase;
			buildActionMask = 2147483647;
			files = (
				EF36D5BCAE9F643B0914B8BC /* Pods_PhotoBackup.framework in Frameworks */,
			);
			runOnlyForDeploymentPostprocessing = 0;
		};
/* End PBXFrameworksBuildPhase section */

/* Begin PBXGroup section */
		2062882D87F4340D29D283F2 /* Pods */ = {
			isa = PBXGroup;
			children = (
				E2CECB88A30F04962AB84261 /* Pods-PhotoBackup.debug.xcconfig */,
				6F75E14DE4C6214E2A7DE4F4 /* Pods-PhotoBackup.release.xcconfig */,
			);
			path = Pods;
			sourceTree = "<group>";
		};
		70611C873DCCC20D0463653A /* Frameworks */ = {
			isa = PBXGroup;
			children = (
				01A96C316121C25E8BD93235 /* Pods_PhotoBackup.framework */,
			);
			name = Frameworks;
			sourceTree = "<group>";
		};
		FE2D6D72270571DF0033C22D = {
			isa = PBXGroup;
			children = (
				FE2D6D7D270571DF0033C22D /* PhotoBackup */,
				FE2D6D7C270571DF0033C22D /* Products */,
				2062882D87F4340D29D283F2 /* Pods */,
				70611C873DCCC20D0463653A /* Frameworks */,
			);
			sourceTree = "<group>";
		};
		FE2D6D7C270571DF0033C22D /* Products */ = {
			isa = PBXGroup;
			children = (
				FE2D6D7B270571DF0033C22D /* PhotoBackup.app */,
			);
			name = Products;
			sourceTree = "<group>";
		};
		FE2D6D7D270571DF0033C22D /* PhotoBackup */ = {
			isa = PBXGroup;
			children = (
				FE2D6D9E2705E55B0033C22D /* GoogleService-Info.plist */,
				FE2D6D7E270571DF0033C22D /* AppDelegate.swift */,
				FE2D6D80270571DF0033C22D /* SceneDelegate.swift */,
				FE2D6D9A270578950033C22D /* ImageViewController.swift */,
				FE4EC8BF2705F0E400DD0AF7 /* RegisterViewController.swift */,
				FE2D6D97270578370033C22D /* HomeViewController.swift */,
				FE4EC8BC2705E8D100DD0AF7 /* TabBarController.swift */,
				FE2D6D942705780C0033C22D /* LoginViewController.swift */,
				FE2D6D84270571DF0033C22D /* Main.storyboard */,
				FE2D6D87270571E00033C22D /* Assets.xcassets */,
				FE2D6D89270571E00033C22D /* LaunchScreen.storyboard */,
				FE2D6D8C270571E00033C22D /* Info.plist */,
			);
			path = PhotoBackup;
			sourceTree = "<group>";
		};
/* End PBXGroup section */

/* Begin PBXNativeTarget section */
		FE2D6D7A270571DF0033C22D /* PhotoBackup */ = {
			isa = PBXNativeTarget;
			buildConfigurationList = FE2D6D8F270571E00033C22D /* Build configuration list for PBXNativeTarget "PhotoBackup" */;
			buildPhases = (
				E83A8F0C19A14107C02F2AA2 /* [CP] Check Pods Manifest.lock */,
				FE2D6D77270571DF0033C22D /* Sources */,
				FE2D6D78270571DF0033C22D /* Frameworks */,
				FE2D6D79270571DF0033C22D /* Resources */,
				0DEDE95F42441A7370D3BB9E /* [CP] Embed Pods Frameworks */,
			);
			buildRules = (
			);
			dependencies = (
			);
			name = PhotoBackup;
			productName = PhotoBackup;
			productReference = FE2D6D7B270571DF0033C22D /* PhotoBackup.app */;
			productType = "com.apple.product-type.application";
		};
/* End PBXNativeTarget section */

/* Begin PBXProject section */
		FE2D6D73270571DF0033C22D /* Project object */ = {
			isa = PBXProject;
			attributes = {
				LastSwiftUpdateCheck = 1220;
				LastUpgradeCheck = 1220;
				TargetAttributes = {
					FE2D6D7A270571DF0033C22D = {
						CreatedOnToolsVersion = 12.2;
					};
				};
			};
			buildConfigurationList = FE2D6D76270571DF0033C22D /* Build configuration list for PBXProject "PhotoBackup" */;
			compatibilityVersion = "Xcode 9.3";
			developmentRegion = en;
			hasScannedForEncodings = 0;
			knownRegions = (
				en,
				Base,
			);
			mainGroup = FE2D6D72270571DF0033C22D;
			productRefGroup = FE2D6D7C270571DF0033C22D /* Products */;
			projectDirPath = "";
			projectRoot = "";
			targets = (
				FE2D6D7A270571DF0033C22D /* PhotoBackup */,
			);
		};
/* End PBXProject section */

/* Begin PBXResourcesBuildPhase section */
		FE2D6D79270571DF0033C22D /* Resources */ = {
			isa = PBXResourcesBuildPhase;
			buildActionMask = 2147483647;
			files = (
				FE2D6D8B270571E00033C22D /* LaunchScreen.storyboard in Resources */,
				FE2D6D9F2705E55B0033C22D /* GoogleService-Info.plist in Resources */,
				FE2D6D88270571E00033C22D /* Assets.xcassets in Resources */,
				FE2D6D86270571DF0033C22D /* Main.storyboard in Resources */,
			);
			runOnlyForDeploymentPostprocessing = 0;
		};
/* End PBXResourcesBuildPhase section */

/* Begin PBXShellScriptBuildPhase section */
		0DEDE95F42441A7370D3BB9E /* [CP] Embed Pods Frameworks */ = {
			isa = PBXShellScriptBuildPhase;
			buildActionMask = 2147483647;
			files = (
			);
			inputFileListPaths = (
				"${PODS_ROOT}/Target Support Files/Pods-PhotoBackup/Pods-PhotoBackup-frameworks-${CONFIGURATION}-input-files.xcfilelist",
			);
			name = "[CP] Embed Pods Frameworks";
			outputFileListPaths = (
				"${PODS_ROOT}/Target Support Files/Pods-PhotoBackup/Pods-PhotoBackup-frameworks-${CONFIGURATION}-output-files.xcfilelist",
			);
			runOnlyForDeploymentPostprocessing = 0;
			shellPath = /bin/sh;
			shellScript = "\"${PODS_ROOT}/Target Support Files/Pods-PhotoBackup/Pods-PhotoBackup-frameworks.sh\"\n";
			showEnvVarsInLog = 0;
		};
		E83A8F0C19A14107C02F2AA2 /* [CP] Check Pods Manifest.lock */ = {
			isa = PBXShellScriptBuildPhase;
			buildActionMask = 2147483647;
			files = (
			);
			inputFileListPaths = (
			);
			inputPaths = (
				"${PODS_PODFILE_DIR_PATH}/Podfile.lock",
				"${PODS_ROOT}/Manifest.lock",
			);
			name = "[CP] Check Pods Manifest.lock";
			outputFileListPaths = (
			);
			outputPaths = (
				"$(DERIVED_FILE_DIR)/Pods-PhotoBackup-checkManifestLockResult.txt",
			);
			runOnlyForDeploymentPostprocessing = 0;
			shellPath = /bin/sh;
			shellScript = "diff \"${PODS_PODFILE_DIR_PATH}/Podfile.lock\" \"${PODS_ROOT}/Manifest.lock\" > /dev/null\nif [ $? != 0 ] ; then\n    # print error to STDERR\n    echo \"error: The sandbox is not in sync with the Podfile.lock. Run 'pod install' or update your CocoaPods installation.\" >&2\n    exit 1\nfi\n# This output is used by Xcode 'outputs' to avoid re-running this script phase.\necho \"SUCCESS\" > \"${SCRIPT_OUTPUT_FILE_0}\"\n";
			showEnvVarsInLog = 0;
		};
/* End PBXShellScriptBuildPhase section */

/* Begin PBXSourcesBuildPhase section */
		FE2D6D77270571DF0033C22D /* Sources */ = {
			isa = PBXSourcesBuildPhase;
			buildActionMask = 2147483647;
			files = (
				FE2D6D98270578370033C22D /* HomeViewController.swift in Sources */,
				FE2D6D952705780C0033C22D /* LoginViewController.swift in Sources */,
				FE4EC8C02705F0E400DD0AF7 /* RegisterViewController.swift in Sources */,
				FE2D6D7F270571DF0033C22D /* AppDelegate.swift in Sources */,
				FE4EC8BD2705E8D100DD0AF7 /* TabBarController.swift in Sources */,
				FE2D6D9B270578950033C22D /* ImageViewController.swift in Sources */,
				FE2D6D81270571DF0033C22D /* SceneDelegate.swift in Sources */,
			);
			runOnlyForDeploymentPostprocessing = 0;
		};
/* End PBXSourcesBuildPhase section */

/* Begin PBXVariantGroup section */
		FE2D6D84270571DF0033C22D /* Main.storyboard */ = {
			isa = PBXVariantGroup;
			children = (
				FE2D6D85270571DF0033C22D /* Base */,
			);
			name = Main.storyboard;
			sourceTree = "<group>";
		};
		FE2D6D89270571E00033C22D /* LaunchScreen.storyboard */ = {
			isa = PBXVariantGroup;
			children = (
				FE2D6D8A270571E00033C22D /* Base */,
			);
			name = LaunchScreen.storyboard;
			sourceTree = "<group>";
		};
/* End PBXVariantGroup section */

/* Begin XCBuildConfiguration section */
		FE2D6D8D270571E00033C22D /* Debug */ = {
			isa = XCBuildConfiguration;
			buildSettings = {
				ALWAYS_SEARCH_USER_PATHS = NO;
				CLANG_ANALYZER_NONNULL = YES;
				CLANG_ANALYZER_NUMBER_OBJECT_CONVERSION = YES_AGGRESSIVE;
				CLANG_CXX_LANGUAGE_STANDARD = "gnu++14";
				CLANG_CXX_LIBRARY = "libc++";
				CLANG_ENABLE_MODULES = YES;
				CLANG_ENABLE_OBJC_ARC = YES;
				CLANG_ENABLE_OBJC_WEAK = YES;
				CLANG_WARN_BLOCK_CAPTURE_AUTORELEASING = YES;
				CLANG_WARN_BOOL_CONVERSION = YES;
				CLANG_WARN_COMMA = YES;
				CLANG_WARN_CONSTANT_CONVERSION = YES;
				CLANG_WARN_DEPRECATED_OBJC_IMPLEMENTATIONS = YES;
				CLANG_WARN_DIRECT_OBJC_ISA_USAGE = YES_ERROR;
				CLANG_WARN_DOCUMENTATION_COMMENTS = YES;
				CLANG_WARN_EMPTY_BODY = YES;
				CLANG_WARN_ENUM_CONVERSION = YES;
				CLANG_WARN_INFINITE_RECURSION = YES;
				CLANG_WARN_INT_CONVERSION = YES;
				CLANG_WARN_NON_LITERAL_NULL_CONVERSION = YES;
				CLANG_WARN_OBJC_IMPLICIT_RETAIN_SELF = YES;
				CLANG_WARN_OBJC_LITERAL_CONVERSION = YES;
				CLANG_WARN_OBJC_ROOT_CLASS = YES_ERROR;
				CLANG_WARN_QUOTED_INCLUDE_IN_FRAMEWORK_HEADER = YES;
				CLANG_WARN_RANGE_LOOP_ANALYSIS = YES;
				CLANG_WARN_STRICT_PROTOTYPES = YES;
				CLANG_WARN_SUSPICIOUS_MOVE = YES;
				CLANG_WARN_UNGUARDED_AVAILABILITY = YES_AGGRESSIVE;
				CLANG_WARN_UNREACHABLE_CODE = YES;
				CLANG_WARN__DUPLICATE_METHOD_MATCH = YES;
				COPY_PHASE_STRIP = NO;
				DEBUG_INFORMATION_FORMAT = dwarf;
				ENABLE_STRICT_OBJC_MSGSEND = YES;
				ENABLE_TESTABILITY = YES;
				GCC_C_LANGUAGE_STANDARD = gnu11;
				GCC_DYNAMIC_NO_PIC = NO;
				GCC_NO_COMMON_BLOCKS = YES;
				GCC_OPTIMIZATION_LEVEL = 0;
				GCC_PREPROCESSOR_DEFINITIONS = (
					"DEBUG=1",
					"$(inherited)",
				);
				GCC_WARN_64_TO_32_BIT_CONVERSION = YES;
				GCC_WARN_ABOUT_RETURN_TYPE = YES_ERROR;
				GCC_WARN_UNDECLARED_SELECTOR = YES;
				GCC_WARN_UNINITIALIZED_AUTOS = YES_AGGRESSIVE;
				GCC_WARN_UNUSED_FUNCTION = YES;
				GCC_WARN_UNUSED_VARIABLE = YES;
				IPHONEOS_DEPLOYMENT_TARGET = 14.2;
				MTL_ENABLE_DEBUG_INFO = INCLUDE_SOURCE;
				MTL_FAST_MATH = YES;
				ONLY_ACTIVE_ARCH = YES;
				SDKROOT = iphoneos;
				SWIFT_ACTIVE_COMPILATION_CONDITIONS = DEBUG;
				SWIFT_OPTIMIZATION_LEVEL = "-Onone";
			};
			name = Debug;
		};
		FE2D6D8E270571E00033C22D /* Release */ = {
			isa = XCBuildConfiguration;
			buildSettings = {
				ALWAYS_SEARCH_USER_PATHS = NO;
				CLANG_ANALYZER_NONNULL = YES;
				CLANG_ANALYZER_NUMBER_OBJECT_CONVERSION = YES_AGGRESSIVE;
				CLANG_CXX_LANGUAGE_STANDARD = "gnu++14";
				CLANG_CXX_LIBRARY = "libc++";
				CLANG_ENABLE_MODULES = YES;
				CLANG_ENABLE_OBJC_ARC = YES;
				CLANG_ENABLE_OBJC_WEAK = YES;
				CLANG_WARN_BLOCK_CAPTURE_AUTORELEASING = YES;
				CLANG_WARN_BOOL_CONVERSION = YES;
				CLANG_WARN_COMMA = YES;
				CLANG_WARN_CONSTANT_CONVERSION = YES;
				CLANG_WARN_DEPRECATED_OBJC_IMPLEMENTATIONS = YES;
				CLANG_WARN_DIRECT_OBJC_ISA_USAGE = YES_ERROR;
				CLANG_WARN_DOCUMENTATION_COMMENTS = YES;
				CLANG_WARN_EMPTY_BODY = YES;
				CLANG_WARN_ENUM_CONVERSION = YES;
				CLANG_WARN_INFINITE_RECURSION = YES;
				CLANG_WARN_INT_CONVERSION = YES;
				CLANG_WARN_NON_LITERAL_NULL_CONVERSION = YES;
				CLANG_WARN_OBJC_IMPLICIT_RETAIN_SELF = YES;
				CLANG_WARN_OBJC_LITERAL_CONVERSION = YES;
				CLANG_WARN_OBJC_ROOT_CLASS = YES_ERROR;
				CLANG_WARN_QUOTED_INCLUDE_IN_FRAMEWORK_HEADER = YES;
				CLANG_WARN_RANGE_LOOP_ANALYSIS = YES;
				CLANG_WARN_STRICT_PROTOTYPES = YES;
				CLANG_WARN_SUSPICIOUS_MOVE = YES;
				CLANG_WARN_UNGUARDED_AVAILABILITY = YES_AGGRESSIVE;
				CLANG_WARN_UNREACHABLE_CODE = YES;
				CLANG_WARN__DUPLICATE_METHOD_MATCH = YES;
				COPY_PHASE_STRIP = NO;
				DEBUG_INFORMATION_FORMAT = "dwarf-with-dsym";
				ENABLE_NS_ASSERTIONS = NO;
				ENABLE_STRICT_OBJC_MSGSEND = YES;
				GCC_C_LANGUAGE_STANDARD = gnu11;
				GCC_NO_COMMON_BLOCKS = YES;
				GCC_WARN_64_TO_32_BIT_CONVERSION = YES;
				GCC_WARN_ABOUT_RETURN_TYPE = YES_ERROR;
				GCC_WARN_UNDECLARED_SELECTOR = YES;
				GCC_WARN_UNINITIALIZED_AUTOS = YES_AGGRESSIVE;
				GCC_WARN_UNUSED_FUNCTION = YES;
				GCC_WARN_UNUSED_VARIABLE = YES;
				IPHONEOS_DEPLOYMENT_TARGET = 14.2;
				MTL_ENABLE_DEBUG_INFO = NO;
				MTL_FAST_MATH = YES;
				SDKROOT = iphoneos;
				SWIFT_COMPILATION_MODE = wholemodule;
				SWIFT_OPTIMIZATION_LEVEL = "-O";
				VALIDATE_PRODUCT = YES;
			};
			name = Release;
		};
		FE2D6D90270571E00033C22D /* Debug */ = {
			isa = XCBuildConfiguration;
			baseConfigurationReference = E2CECB88A30F04962AB84261 /* Pods-PhotoBackup.debug.xcconfig */;
			buildSettings = {
				ASSETCATALOG_COMPILER_APPICON_NAME = AppIcon;
				ASSETCATALOG_COMPILER_GLOBAL_ACCENT_COLOR_NAME = AccentColor;
				CODE_SIGN_STYLE = Automatic;
				DEVELOPMENT_TEAM = TC999G82H6;
				INFOPLIST_FILE = PhotoBackup/Info.plist;
				LD_RUNPATH_SEARCH_PATHS = (
					"$(inherited)",
					"@executable_path/Frameworks",
				);
				PRODUCT_BUNDLE_IDENTIFIER = "jp.techacademy.taro.kirameki.PhotoBackup-20210927";
				PRODUCT_NAME = "$(TARGET_NAME)";
				SWIFT_VERSION = 5.0;
				TARGETED_DEVICE_FAMILY = 1;
			};
			name = Debug;
		};
		FE2D6D91270571E00033C22D /* Release */ = {
			isa = XCBuildConfiguration;
			baseConfigurationReference = 6F75E14DE4C6214E2A7DE4F4 /* Pods-PhotoBackup.release.xcconfig */;
			buildSettings = {
				ASSETCATALOG_COMPILER_APPICON_NAME = AppIcon;
				ASSETCATALOG_COMPILER_GLOBAL_ACCENT_COLOR_NAME = AccentColor;
				CODE_SIGN_STYLE = Automatic;
				DEVELOPMENT_TEAM = TC999G82H6;
				INFOPLIST_FILE = PhotoBackup/Info.plist;
				LD_RUNPATH_SEARCH_PATHS = (
					"$(inherited)",
					"@executable_path/Frameworks",
				);
				PRODUCT_BUNDLE_IDENTIFIER = "jp.techacademy.taro.kirameki.PhotoBackup-20210927";
				PRODUCT_NAME = "$(TARGET_NAME)";
				SWIFT_VERSION = 5.0;
				TARGETED_DEVICE_FAMILY = 1;
			};
			name = Release;
		};
/* End XCBuildConfiguration section */

/* Begin XCConfigurationList section */
		FE2D6D76270571DF0033C22D /* Build configuration list for PBXProject "PhotoBackup" */ = {
			isa = XCConfigurationList;
			buildConfigurations = (
				FE2D6D8D270571E00033C22D /* Debug */,
				FE2D6D8E270571E00033C22D /* Release */,
			);
			defaultConfigurationIsVisible = 0;
			defaultConfigurationName = Release;
		};
		FE2D6D8F270571E00033C22D /* Build configuration list for PBXNativeTarget "PhotoBackup" */ = {
			isa = XCConfigurationList;
			buildConfigurations = (
				FE2D6D90270571E00033C22D /* Debug */,
				FE2D6D91270571E00033C22D /* Release */,
			);
			defaultConfigurationIsVisible = 0;
			defaultConfigurationName = Release;
		};
/* End XCConfigurationList section */
	};
	rootObject = FE2D6D73270571DF0033C22D /* Project object */;
}
